
Microsoft Visual Studio Solution File, Format Version 12.00
# Visual Studio 14
VisualStudioVersion = 14.0.25420.1
MinimumVisualStudioVersion = 10.0.40219.1
Project("{FAE04EC0-301F-11D3-BF4B-00C04F79EFBC}") = "KeyVaultIntegration", "KeyVaultIntegration\KeyVaultIntegration.csproj", "{F0665C34-9013-46E0-A4C9-35CC626D01B5}"
EndProject
Project("{FAE04EC0-301F-11D3-BF4B-00C04F79EFBC}") = "KeyVaultHelperAgent", "KeyVaultHelper\KeyVaultHelperAgent.csproj", "{C9A30472-70FB-405C-B8A6-3CAFD6155D87}"
EndProject
Project("{FAE04EC0-301F-11D3-BF4B-00C04F79EFBC}") = "WebApplication1", "WebApplication1\WebApplication1.csproj", "{6D7254BA-54E3-43F6-A5E2-1F9FF2AADD31}"
EndProject
Project("{FAE04EC0-301F-11D3-BF4B-00C04F79EFBC}") = "ConsoleApplication1", "ConsoleApplication1\ConsoleApplication1.csproj", "{2359F02F-A363-4AA1-800F-36BDE1772BF7}"
EndProject
Global
	GlobalSection(SolutionConfigurationPlatforms) = preSolution
		Debug|Any CPU = Debug|Any CPU
		Release|Any CPU = Release|Any CPU
	EndGlobalSection
	GlobalSection(ProjectConfigurationPlatforms) = postSolution
		{F0665C34-9013-46E0-A4C9-35CC626D01B5}.Debug|Any CPU.ActiveCfg = Debug|Any CPU
		{F0665C34-9013-46E0-A4C9-35CC626D01B5}.Debug|Any CPU.Build.0 = Debug|Any CPU
		{F0665C34-9013-46E0-A4C9-35CC626D01B5}.Release|Any CPU.ActiveCfg = Release|Any CPU
		{F0665C34-9013-46E0-A4C9-35CC626D01B5}.Release|Any CPU.Build.0 = Release|Any CPU
		{C9A30472-70FB-405C-B8A6-3CAFD6155D87}.Debug|Any CPU.ActiveCfg = Debug|Any CPU
		{C9A30472-70FB-405C-B8A6-3CAFD6155D87}.Debug|Any CPU.Build.0 = Debug|Any CPU
		{C9A30472-70FB-405C-B8A6-3CAFD6155D87}.Release|Any CPU.ActiveCfg = Release|Any CPU
		{C9A30472-70FB-405C-B8A6-3CAFD6155D87}.Release|Any CPU.Build.0 = Release|Any CPU
		{6D7254BA-54E3-43F6-A5E2-1F9FF2AADD31}.Debug|Any CPU.ActiveCfg = Debug|Any CPU
		{6D7254BA-54E3-43F6-A5E2-1F9FF2AADD31}.Debug|Any CPU.Build.0 = Debug|Any CPU
		{6D7254BA-54E3-43F6-A5E2-1F9FF2AADD31}.Release|Any CPU.ActiveCfg = Release|Any CPU
		{6D7254BA-54E3-43F6-A5E2-1F9FF2AADD31}.Release|Any CPU.Build.0 = Release|Any CPU
		{2359F02F-A363-4AA1-800F-36BDE1772BF7}.Debug|Any CPU.ActiveCfg = Debug|Any CPU
		{2359F02F-A363-4AA1-800F-36BDE1772BF7}.Debug|Any CPU.Build.0 = Debug|Any CPU
		{2359F02F-A363-4AA1-800F-36BDE1772BF7}.Release|Any CPU.ActiveCfg = Release|Any CPU
		{2359F02F-A363-4AA1-800F-36BDE1772BF7}.Release|Any CPU.Build.0 = Release|Any CPU
	EndGlobalSection
	GlobalSection(SolutionProperties) = preSolution
		HideSolutionNode = FALSE
	EndGlobalSection
EndGlobal
